PODS:
  - Flutter (1.0.0)
  - flutter_original_module (0.0.1):
    - Flutter
  - FlutterPluginRegistrant (0.0.1):
    - Flutter

DEPENDENCIES:
  - Flutter (from `../flutter_original_module/.ios/Flutter/engine`)
  - flutter_original_module (from `../flutter_original_module/.ios/Flutter`)
  - FlutterPluginRegistrant (from `../flutter_original_module/.ios/Flutter/FlutterPluginRegistrant`)

EXTERNAL SOURCES:
  Flutter:
    :path: "../flutter_original_module/.ios/Flutter/engine"
  flutter_original_module:
    :path: "../flutter_original_module/.ios/Flutter"
  FlutterPluginRegistrant:
    :path: "../flutter_original_module/.ios/Flutter/FlutterPluginRegistrant"

SPEC CHECKSUMS:
  Flutter: bdfa2e8fe0e2880a2c6a58a0b1a8675c262a07af
  flutter_original_module: 46d1e3222481c5496cb64ed50c10264eb0d02537
  FlutterPluginRegistrant: 2afd5ea46d3a949472c9b7da6462d8fbf7d8b16e

PODFILE CHECKSUM: 066d16d262e151feb35bb1adfc1f3874ba66f68b

COCOAPODS: 1.11.2
